
Microsoft Visual Studio Solution File, Format Version 12.00
# Visual Studio Version 17
VisualStudioVersion = 17.1.32414.318
MinimumVisualStudioVersion = 10.0.40219.1
Project("{9A19103F-16F7-4668-BE54-9A1E7A4F7556}") = "WinFormsProject", "WinFormsProject\WinFormsProject.csproj", "{821F05C0-146F-46F6-BFFF-ADDFF7DB9C2D}"
EndProject
Global
	GlobalSection(SolutionConfigurationPlatforms) = preSolution
		Debug|Any CPU = Debug|Any CPU
		Release|Any CPU = Release|Any CPU
	EndGlobalSection
	GlobalSection(ProjectConfigurationPlatforms) = postSolution
		{821F05C0-146F-46F6-BFFF-ADDFF7DB9C2D}.Debug|Any CPU.ActiveCfg = Debug|Any CPU
		{821F05C0-146F-46F6-BFFF-ADDFF7DB9C2D}.Debug|Any CPU.Build.0 = Debug|Any CPU
		{821F05C0-146F-46F6-BFFF-ADDFF7DB9C2D}.Release|Any CPU.ActiveCfg = Release|Any CPU
		{821F05C0-146F-46F6-BFFF-ADDFF7DB9C2D}.Release|Any CPU.Build.0 = Release|Any CPU
	EndGlobalSection
	GlobalSection(SolutionProperties) = preSolution
		HideSolutionNode = FALSE
	EndGlobalSection
	GlobalSection(ExtensibilityGlobals) = postSolution
		SolutionGuid = {5059B707-157A-4A8F-B3F1-40298E0F917A}
	EndGlobalSection
EndGlobal
